// !$*UTF8*$!
{
	archiveVersion = 1;
	classes = {
	};
	objectVersion = 48;
	objects = {

/* Begin PBXBuildFile section */
		A85D46A0204C29E900DA086D /* main.swift in Sources */ = {isa = PBXBuildFile; fileRef = A85D469F204C29E900DA086D /* main.swift */; };
		A85D46A7204C2B9000DA086D /* LoxInterpreter.swift in Sources */ = {isa = PBXBuildFile; fileRef = A85D46A6204C2B9000DA086D /* LoxInterpreter.swift */; };
		A85D46A9204C2FC300DA086D /* LoxScanner.swift in Sources */ = {isa = PBXBuildFile; fileRef = A85D46A8204C2FC300DA086D /* LoxScanner.swift */; };
		A85D46AB204C302B00DA086D /* LoxError.swift in Sources */ = {isa = PBXBuildFile; fileRef = A85D46AA204C302B00DA086D /* LoxError.swift */; };
/* End PBXBuildFile section */

/* Begin PBXCopyFilesBuildPhase section */
		A85D469A204C29E900DA086D /* CopyFiles */ = {
			isa = PBXCopyFilesBuildPhase;
			buildActionMask = 2147483647;
			dstPath = /usr/share/man/man1/;
			dstSubfolderSpec = 0;
			files = (
			);
			runOnlyForDeploymentPostprocessing = 1;
		};
/* End PBXCopyFilesBuildPhase section */

/* Begin PBXFileReference section */
		A85D469C204C29E900DA086D /* LoxLanguage */ = {isa = PBXFileReference; explicitFileType = "compiled.mach-o.executable"; includeInIndex = 0; path = LoxLanguage; sourceTree = BUILT_PRODUCTS_DIR; };
		A85D469F204C29E900DA086D /* main.swift */ = {isa = PBXFileReference; lastKnownFileType = sourcecode.swift; path = main.swift; sourceTree = "<group>"; };
		A85D46A6204C2B9000DA086D /* LoxInterpreter.swift */ = {isa = PBXFileReference; lastKnownFileType = sourcecode.swift; path = LoxInterpreter.swift; sourceTree = "<group>"; };
		A85D46A8204C2FC300DA086D /* LoxScanner.swift */ = {isa = PBXFileReference; lastKnownFileType = sourcecode.swift; path = LoxScanner.swift; sourceTree = "<group>"; };
		A85D46AA204C302B00DA086D /* LoxError.swift */ = {isa = PBXFileReference; lastKnownFileType = sourcecode.swift; path = LoxError.swift; sourceTree = "<group>"; };
/* End PBXFileReference section */

/* Begin PBXFrameworksBuildPhase section */
		A85D4699204C29E900DA086D /* Frameworks */ = {
			isa = PBXFrameworksBuildPhase;
			buildActionMask = 2147483647;
			files = (
			);
			runOnlyForDeploymentPostprocessing = 0;
		};
/* End PBXFrameworksBuildPhase section */

/* Begin PBXGroup section */
		A85D4693204C29E900DA086D = {
			isa = PBXGroup;
			children = (
				A85D469E204C29E900DA086D /* LoxLanguage */,
				A85D469D204C29E900DA086D /* Products */,
			);
			sourceTree = "<group>";
		};
		A85D469D204C29E900DA086D /* Products */ = {
			isa = PBXGroup;
			children = (
				A85D469C204C29E900DA086D /* LoxLanguage */,
			);
			name = Products;
			sourceTree = "<group>";
		};
		A85D469E204C29E900DA086D /* LoxLanguage */ = {
			isa = PBXGroup;
			children = (
				A85D469F204C29E900DA086D /* main.swift */,
				A85D46A6204C2B9000DA086D /* LoxInterpreter.swift */,
				A85D46A8204C2FC300DA086D /* LoxScanner.swift */,
				A85D46AA204C302B00DA086D /* LoxError.swift */,
			);
			path = LoxLanguage;
			sourceTree = "<group>";
		};
/* End PBXGroup section */

/* Begin PBXNativeTarget section */
		A85D469B204C29E900DA086D /* LoxLanguage */ = {
			isa = PBXNativeTarget;
			buildConfigurationList = A85D46A3204C29E900DA086D /* Build configuration list for PBXNativeTarget "LoxLanguage" */;
			buildPhases = (
				A85D4698204C29E900DA086D /* Sources */,
				A85D4699204C29E900DA086D /* Frameworks */,
				A85D469A204C29E900DA086D /* CopyFiles */,
			);
			buildRules = (
			);
			dependencies = (
			);
			name = LoxLanguage;
			productName = LoxLanguage;
			productReference = A85D469C204C29E900DA086D /* LoxLanguage */;
			productType = "com.apple.product-type.tool";
		};
/* End PBXNativeTarget section */

/* Begin PBXProject section */
		A85D4694204C29E900DA086D /* Project object */ = {
			isa = PBXProject;
			attributes = {
				LastSwiftUpdateCheck = 0920;
				LastUpgradeCheck = 0920;
				ORGANIZATIONNAME = Nyris;
				TargetAttributes = {
					A85D469B204C29E900DA086D = {
						CreatedOnToolsVersion = 9.2;
						ProvisioningStyle = Automatic;
					};
				};
			};
			buildConfigurationList = A85D4697204C29E900DA086D /* Build configuration list for PBXProject "LoxLanguage" */;
			compatibilityVersion = "Xcode 8.0";
			developmentRegion = en;
			hasScannedForEncodings = 0;
			knownRegions = (
				en,
			);
			mainGroup = A85D4693204C29E900DA086D;
			productRefGroup = A85D469D204C29E900DA086D /* Products */;
			projectDirPath = "";
			projectRoot = "";
			targets = (
				A85D469B204C29E900DA086D /* LoxLanguage */,
			);
		};
/* End PBXProject section */

/* Begin PBXSourcesBuildPhase section */
		A85D4698204C29E900DA086D /* Sources */ = {
			isa = PBXSourcesBuildPhase;
			buildActionMask = 2147483647;
			files = (
				A85D46A7204C2B9000DA086D /* LoxInterpreter.swift in Sources */,
				A85D46A0204C29E900DA086D /* main.swift in Sources */,
				A85D46AB204C302B00DA086D /* LoxError.swift in Sources */,
				A85D46A9204C2FC300DA086D /* LoxScanner.swift in Sources */,
			);
			runOnlyForDeploymentPostprocessing = 0;
		};
/* End PBXSourcesBuildPhase section */

/* Begin XCBuildConfiguration section */
		A85D46A1204C29E900DA086D /* Debug */ = {
			isa = XCBuildConfiguration;
			buildSettings = {
				ALWAYS_SEARCH_USER_PATHS = NO;
				CLANG_ANALYZER_NONNULL = YES;
				CLANG_ANALYZER_NUMBER_OBJECT_CONVERSION = YES_AGGRESSIVE;
				CLANG_CXX_LANGUAGE_STANDARD = "gnu++14";
				CLANG_CXX_LIBRARY = "libc++";
				CLANG_ENABLE_MODULES = YES;
				CLANG_ENABLE_OBJC_ARC = YES;
				CLANG_WARN_BLOCK_CAPTURE_AUTORELEASING = YES;
				CLANG_WARN_BOOL_CONVERSION = YES;
				CLANG_WARN_COMMA = YES;
				CLANG_WARN_CONSTANT_CONVERSION = YES;
				CLANG_WARN_DIRECT_OBJC_ISA_USAGE = YES_ERROR;
				CLANG_WARN_DOCUMENTATION_COMMENTS = YES;
				CLANG_WARN_EMPTY_BODY = YES;
				CLANG_WARN_ENUM_CONVERSION = YES;
				CLANG_WARN_INFINITE_RECURSION = YES;
				CLANG_WARN_INT_CONVERSION = YES;
				CLANG_WARN_NON_LITERAL_NULL_CONVERSION = YES;
				CLANG_WARN_OBJC_LITERAL_CONVERSION = YES;
				CLANG_WARN_OBJC_ROOT_CLASS = YES_ERROR;
				CLANG_WARN_RANGE_LOOP_ANALYSIS = YES;
				CLANG_WARN_STRICT_PROTOTYPES = YES;
				CLANG_WARN_SUSPICIOUS_MOVE = YES;
				CLANG_WARN_UNGUARDED_AVAILABILITY = YES_AGGRESSIVE;
				CLANG_WARN_UNREACHABLE_CODE = YES;
				CLANG_WARN__DUPLICATE_METHOD_MATCH = YES;
				CODE_SIGN_IDENTITY = "Mac Developer";
				COPY_PHASE_STRIP = NO;
				DEBUG_INFORMATION_FORMAT = dwarf;
				ENABLE_STRICT_OBJC_MSGSEND = YES;
				ENABLE_TESTABILITY = YES;
				GCC_C_LANGUAGE_STANDARD = gnu11;
				GCC_DYNAMIC_NO_PIC = NO;
				GCC_NO_COMMON_BLOCKS = YES;
				GCC_OPTIMIZATION_LEVEL = 0;
				GCC_PREPROCESSOR_DEFINITIONS = (
					"DEBUG=1",
					"$(inherited)",
				);
				GCC_WARN_64_TO_32_BIT_CONVERSION = YES;
				GCC_WARN_ABOUT_RETURN_TYPE = YES_ERROR;
				GCC_WARN_UNDECLARED_SELECTOR = YES;
				GCC_WARN_UNINITIALIZED_AUTOS = YES_AGGRESSIVE;
				GCC_WARN_UNUSED_FUNCTION = YES;
				GCC_WARN_UNUSED_VARIABLE = YES;
				MACOSX_DEPLOYMENT_TARGET = 10.13;
				MTL_ENABLE_DEBUG_INFO = YES;
				ONLY_ACTIVE_ARCH = YES;
				SDKROOT = macosx;
				SWIFT_ACTIVE_COMPILATION_CONDITIONS = DEBUG;
				SWIFT_OPTIMIZATION_LEVEL = "-Onone";
			};
			name = Debug;
		};
		A85D46A2204C29E900DA086D /* Release */ = {
			isa = XCBuildConfiguration;
			buildSettings = {
				ALWAYS_SEARCH_USER_PATHS = NO;
				CLANG_ANALYZER_NONNULL = YES;
				CLANG_ANALYZER_NUMBER_OBJECT_CONVERSION = YES_AGGRESSIVE;
				CLANG_CXX_LANGUAGE_STANDARD = "gnu++14";
				CLANG_CXX_LIBRARY = "libc++";
				CLANG_ENABLE_MODULES = YES;
				CLANG_ENABLE_OBJC_ARC = YES;
				CLANG_WARN_BLOCK_CAPTURE_AUTORELEASING = YES;
				CLANG_WARN_BOOL_CONVERSION = YES;
				CLANG_WARN_COMMA = YES;
				CLANG_WARN_CONSTANT_CONVERSION = YES;
				CLANG_WARN_DIRECT_OBJC_ISA_USAGE = YES_ERROR;
				CLANG_WARN_DOCUMENTATION_COMMENTS = YES;
				CLANG_WARN_EMPTY_BODY = YES;
				CLANG_WARN_ENUM_CONVERSION = YES;
				CLANG_WARN_INFINITE_RECURSION = YES;
				CLANG_WARN_INT_CONVERSION = YES;
				CLANG_WARN_NON_LITERAL_NULL_CONVERSION = YES;
				CLANG_WARN_OBJC_LITERAL_CONVERSION = YES;
				CLANG_WARN_OBJC_ROOT_CLASS = YES_ERROR;
				CLANG_WARN_RANGE_LOOP_ANALYSIS = YES;
				CLANG_WARN_STRICT_PROTOTYPES = YES;
				CLANG_WARN_SUSPICIOUS_MOVE = YES;
				CLANG_WARN_UNGUARDED_AVAILABILITY = YES_AGGRESSIVE;
				CLANG_WARN_UNREACHABLE_CODE = YES;
				CLANG_WARN__DUPLICATE_METHOD_MATCH = YES;
				CODE_SIGN_IDENTITY = "Mac Developer";
				COPY_PHASE_STRIP = NO;
				DEBUG_INFORMATION_FORMAT = "dwarf-with-dsym";
				ENABLE_NS_ASSERTIONS = NO;
				ENABLE_STRICT_OBJC_MSGSEND = YES;
				GCC_C_LANGUAGE_STANDARD = gnu11;
				GCC_NO_COMMON_BLOCKS = YES;
				GCC_WARN_64_TO_32_BIT_CONVERSION = YES;
				GCC_WARN_ABOUT_RETURN_TYPE = YES_ERROR;
				GCC_WARN_UNDECLARED_SELECTOR = YES;
				GCC_WARN_UNINITIALIZED_AUTOS = YES_AGGRESSIVE;
				GCC_WARN_UNUSED_FUNCTION = YES;
				GCC_WARN_UNUSED_VARIABLE = YES;
				MACOSX_DEPLOYMENT_TARGET = 10.13;
				MTL_ENABLE_DEBUG_INFO = NO;
				SDKROOT = macosx;
				SWIFT_OPTIMIZATION_LEVEL = "-Owholemodule";
			};
			name = Release;
		};
		A85D46A4204C29E900DA086D /* Debug */ = {
			isa = XCBuildConfiguration;
			buildSettings = {
				CODE_SIGN_STYLE = Automatic;
				DEVELOPMENT_TEAM = N8QJ9895UP;
				PRODUCT_NAME = "$(TARGET_NAME)";
				SWIFT_VERSION = 4.0;
			};
			name = Debug;
		};
		A85D46A5204C29E900DA086D /* Release */ = {
			isa = XCBuildConfiguration;
			buildSettings = {
				CODE_SIGN_STYLE = Automatic;
				DEVELOPMENT_TEAM = N8QJ9895UP;
				PRODUCT_NAME = "$(TARGET_NAME)";
				SWIFT_VERSION = 4.0;
			};
			name = Release;
		};
/* End XCBuildConfiguration section */

/* Begin XCConfigurationList section */
		A85D4697204C29E900DA086D /* Build configuration list for PBXProject "LoxLanguage" */ = {
			isa = XCConfigurationList;
			buildConfigurations = (
				A85D46A1204C29E900DA086D /* Debug */,
				A85D46A2204C29E900DA086D /* Release */,
			);
			defaultConfigurationIsVisible = 0;
			defaultConfigurationName = Release;
		};
		A85D46A3204C29E900DA086D /* Build configuration list for PBXNativeTarget "LoxLanguage" */ = {
			isa = XCConfigurationList;
			buildConfigurations = (
				A85D46A4204C29E900DA086D /* Debug */,
				A85D46A5204C29E900DA086D /* Release */,
			);
			defaultConfigurationIsVisible = 0;
			defaultConfigurationName = Release;
		};
/* End XCConfigurationList section */
	};
	rootObject = A85D4694204C29E900DA086D /* Project object */;
}
